
Microsoft Visual Studio Solution File, Format Version 12.00
# Visual Studio Version 17
VisualStudioVersion = 17.5.002.0
MinimumVisualStudioVersion = 10.0.40219.1
Project("{9A19103F-16F7-4668-BE54-9A1E7A4F7556}") = "Questao01", "Questao01\Questao01.csproj", "{7F65EDD1-E7B4-4796-BB88-96BF697973F1}"
EndProject
Project("{9A19103F-16F7-4668-BE54-9A1E7A4F7556}") = "Questao02", "Questao02\Questao02.csproj", "{B2B7B52D-0A72-417A-A544-4E9A0B811511}"
EndProject
Project("{9A19103F-16F7-4668-BE54-9A1E7A4F7556}") = "Questao03", "Questao03\Questao03.csproj", "{63B616B6-CE6F-4A94-9934-E0063710BBE4}"
EndProject
Global
	GlobalSection(SolutionConfigurationPlatforms) = preSolution
		Debug|Any CPU = Debug|Any CPU
		Release|Any CPU = Release|Any CPU
	EndGlobalSection
	GlobalSection(ProjectConfigurationPlatforms) = postSolution
		{7F65EDD1-E7B4-4796-BB88-96BF697973F1}.Debug|Any CPU.ActiveCfg = Debug|Any CPU
		{7F65EDD1-E7B4-4796-BB88-96BF697973F1}.Debug|Any CPU.Build.0 = Debug|Any CPU
		{7F65EDD1-E7B4-4796-BB88-96BF697973F1}.Release|Any CPU.ActiveCfg = Release|Any CPU
		{7F65EDD1-E7B4-4796-BB88-96BF697973F1}.Release|Any CPU.Build.0 = Release|Any CPU
		{B2B7B52D-0A72-417A-A544-4E9A0B811511}.Debug|Any CPU.ActiveCfg = Debug|Any CPU
		{B2B7B52D-0A72-417A-A544-4E9A0B811511}.Debug|Any CPU.Build.0 = Debug|Any CPU
		{B2B7B52D-0A72-417A-A544-4E9A0B811511}.Release|Any CPU.ActiveCfg = Release|Any CPU
		{B2B7B52D-0A72-417A-A544-4E9A0B811511}.Release|Any CPU.Build.0 = Release|Any CPU
		{63B616B6-CE6F-4A94-9934-E0063710BBE4}.Debug|Any CPU.ActiveCfg = Debug|Any CPU
		{63B616B6-CE6F-4A94-9934-E0063710BBE4}.Debug|Any CPU.Build.0 = Debug|Any CPU
		{63B616B6-CE6F-4A94-9934-E0063710BBE4}.Release|Any CPU.ActiveCfg = Release|Any CPU
		{63B616B6-CE6F-4A94-9934-E0063710BBE4}.Release|Any CPU.Build.0 = Release|Any CPU
	EndGlobalSection
	GlobalSection(SolutionProperties) = preSolution
		HideSolutionNode = FALSE
	EndGlobalSection
	GlobalSection(ExtensibilityGlobals) = postSolution
		SolutionGuid = {5144628A-1A47-456D-A268-7E38CDDD85AC}
	EndGlobalSection
EndGlobal
