
Microsoft Visual Studio Solution File, Format Version 12.00
# Visual Studio Version 17
VisualStudioVersion = 17.5.002.0
MinimumVisualStudioVersion = 10.0.40219.1
Project("{9A19103F-16F7-4668-BE54-9A1E7A4F7556}") = "Questao07", "Questao07.csproj", "{B1322E6D-9213-4277-A82E-8E901BD08D2D}"
EndProject
Global
	GlobalSection(SolutionConfigurationPlatforms) = preSolution
		Debug|Any CPU = Debug|Any CPU
		Release|Any CPU = Release|Any CPU
	EndGlobalSection
	GlobalSection(ProjectConfigurationPlatforms) = postSolution
		{B1322E6D-9213-4277-A82E-8E901BD08D2D}.Debug|Any CPU.ActiveCfg = Debug|Any CPU
		{B1322E6D-9213-4277-A82E-8E901BD08D2D}.Debug|Any CPU.Build.0 = Debug|Any CPU
		{B1322E6D-9213-4277-A82E-8E901BD08D2D}.Release|Any CPU.ActiveCfg = Release|Any CPU
		{B1322E6D-9213-4277-A82E-8E901BD08D2D}.Release|Any CPU.Build.0 = Release|Any CPU
	EndGlobalSection
	GlobalSection(SolutionProperties) = preSolution
		HideSolutionNode = FALSE
	EndGlobalSection
	GlobalSection(ExtensibilityGlobals) = postSolution
		SolutionGuid = {0B309A35-06A3-4F2E-8787-E5A5AD1FABEF}
	EndGlobalSection
EndGlobal
